// !$*UTF8*$!
{
	archiveVersion = 1;
	classes = {
	};
	objectVersion = 46;
	objects = {

/* Begin PBXBuildFile section */
		2D21E68A1B0EEDE70023E489 /* JsonControl.m in Sources */ = {isa = PBXBuildFile; fileRef = 2D21E6891B0EEDE70023E489 /* JsonControl.m */; };
		2D6BEF151AF9F46D005E08F9 /* SetViewController.m in Sources */ = {isa = PBXBuildFile; fileRef = 2D6BEF141AF9F46D005E08F9 /* SetViewController.m */; };
		2D81BDE81B0C7304007F0220 /* PlayerVideoControl.m in Sources */ = {isa = PBXBuildFile; fileRef = 2D81BDE71B0C7304007F0220 /* PlayerVideoControl.m */; };
		2D88D53D1B01C07C0091BDB0 /* ElementViewController.m in Sources */ = {isa = PBXBuildFile; fileRef = 2D88D53C1B01C07C0091BDB0 /* ElementViewController.m */; };
		2D99CA611B05DB2300E6A409 /* AreaViewController.m in Sources */ = {isa = PBXBuildFile; fileRef = 2D99CA601B05DB2300E6A409 /* AreaViewController.m */; };
		2DB132811ADCFE0500A199C9 /* LoginViewController.m in Sources */ = {isa = PBXBuildFile; fileRef = 2DB132801ADCFE0500A199C9 /* LoginViewController.m */; };
		2DF43B491B03577000FBA7C7 /* GroupViewController.m in Sources */ = {isa = PBXBuildFile; fileRef = 2DF43B481B03577000FBA7C7 /* GroupViewController.m */; };
		9E33E1841AF0D258002B90FB /* Model.m in Sources */ = {isa = PBXBuildFile; fileRef = 9E33E1831AF0D258002B90FB /* Model.m */; };
		9E4682041B543597009FD6E6 /* Sever.m in Sources */ = {isa = PBXBuildFile; fileRef = 9E4682031B543597009FD6E6 /* Sever.m */; };
		9E92212E1ADBB91700B942CC /* main.m in Sources */ = {isa = PBXBuildFile; fileRef = 9E92212D1ADBB91700B942CC /* main.m */; };
		9E9221311ADBB91700B942CC /* AppDelegate.m in Sources */ = {isa = PBXBuildFile; fileRef = 9E9221301ADBB91700B942CC /* AppDelegate.m */; };
		9E9221341ADBB91700B942CC /* ksdControl.xcdatamodeld in Sources */ = {isa = PBXBuildFile; fileRef = 9E9221321ADBB91700B942CC /* ksdControl.xcdatamodeld */; };
		9E9221371ADBB91700B942CC /* ViewController.m in Sources */ = {isa = PBXBuildFile; fileRef = 9E9221361ADBB91700B942CC /* ViewController.m */; };
		9E92213A1ADBB91700B942CC /* Main.storyboard in Resources */ = {isa = PBXBuildFile; fileRef = 9E9221381ADBB91700B942CC /* Main.storyboard */; };
		9E92213C1ADBB91700B942CC /* Images.xcassets in Resources */ = {isa = PBXBuildFile; fileRef = 9E92213B1ADBB91700B942CC /* Images.xcassets */; };
		9E92213F1ADBB91700B942CC /* LaunchScreen.xib in Resources */ = {isa = PBXBuildFile; fileRef = 9E92213D1ADBB91700B942CC /* LaunchScreen.xib */; };
		9E92214B1ADBB91700B942CC /* ksdControlTests.m in Sources */ = {isa = PBXBuildFile; fileRef = 9E92214A1ADBB91700B942CC /* ksdControlTests.m */; };
		9E92215C1ADBBD9C00B942CC /* ProjectControl.m in Sources */ = {isa = PBXBuildFile; fileRef = 9E92215B1ADBBD9C00B942CC /* ProjectControl.m */; };
		9E92215F1ADBBDF300B942CC /* ComputerControl.m in Sources */ = {isa = PBXBuildFile; fileRef = 9E92215E1ADBBDF300B942CC /* ComputerControl.m */; };
		9E9221621ADBBE1200B942CC /* RelayControl.m in Sources */ = {isa = PBXBuildFile; fileRef = 9E9221611ADBBE1200B942CC /* RelayControl.m */; };
		9E9221651ADBBF2200B942CC /* ComputerVO.m in Sources */ = {isa = PBXBuildFile; fileRef = 9E9221641ADBBF2200B942CC /* ComputerVO.m */; };
		9E9221681ADBBF4100B942CC /* RelayVO.m in Sources */ = {isa = PBXBuildFile; fileRef = 9E9221671ADBBF4100B942CC /* RelayVO.m */; };
		9E92216B1ADBBF5F00B942CC /* ProjectVO.m in Sources */ = {isa = PBXBuildFile; fileRef = 9E92216A1ADBBF5F00B942CC /* ProjectVO.m */; };
		9EDB01861AEF261000FD74FE /* ControlViewController.m in Sources */ = {isa = PBXBuildFile; fileRef = 9EDB01851AEF261000FD74FE /* ControlViewController.m */; };
		9EDB01891AEF271900FD74FE /* VO.m in Sources */ = {isa = PBXBuildFile; fileRef = 9EDB01881AEF271900FD74FE /* VO.m */; };
		9EDB018C1AEF2B5800FD74FE /* ElementVO.m in Sources */ = {isa = PBXBuildFile; fileRef = 9EDB018B1AEF2B5800FD74FE /* ElementVO.m */; };
		9EDB018F1AEF2BA200FD74FE /* GroupVO.m in Sources */ = {isa = PBXBuildFile; fileRef = 9EDB018E1AEF2BA200FD74FE /* GroupVO.m */; };
		9EDB01921AEF2BF500FD74FE /* AreaVO.m in Sources */ = {isa = PBXBuildFile; fileRef = 9EDB01911AEF2BF500FD74FE /* AreaVO.m */; };
		9EDB01971AEF3B4300FD74FE /* PlayerVO.m in Sources */ = {isa = PBXBuildFile; fileRef = 9EDB01961AEF3B4300FD74FE /* PlayerVO.m */; };
		9EFDE8891B4A61E600734881 /* GCDAsyncSocket.m in Sources */ = {isa = PBXBuildFile; fileRef = 9EFDE8861B4A61E600734881 /* GCDAsyncSocket.m */; };
		9EFDE88A1B4A61E600734881 /* GCDAsyncUdpSocket.m in Sources */ = {isa = PBXBuildFile; fileRef = 9EFDE8881B4A61E600734881 /* GCDAsyncUdpSocket.m */; };
		F7334F431B39037B003307BE /* enter@1x.png in Resources */ = {isa = PBXBuildFile; fileRef = F7334F161B39037B003307BE /* enter@1x.png */; };
		F7334F441B39037B003307BE /* enter@2x.png in Resources */ = {isa = PBXBuildFile; fileRef = F7334F171B39037B003307BE /* enter@2x.png */; };
		F7334F451B39037B003307BE /* info@1x.png in Resources */ = {isa = PBXBuildFile; fileRef = F7334F181B39037B003307BE /* info@1x.png */; };
		F7334F461B39037B003307BE /* info@2x.png in Resources */ = {isa = PBXBuildFile; fileRef = F7334F191B39037B003307BE /* info@2x.png */; };
		F7334F471B39037B003307BE /* nextMovie-highlight@1x.png in Resources */ = {isa = PBXBuildFile; fileRef = F7334F1A1B39037B003307BE /* nextMovie-highlight@1x.png */; };
		F7334F481B39037B003307BE /* nextMovie-highlight@2x.png in Resources */ = {isa = PBXBuildFile; fileRef = F7334F1B1B39037B003307BE /* nextMovie-highlight@2x.png */; };
		F7334F491B39037B003307BE /* nextMovie@1x.png in Resources */ = {isa = PBXBuildFile; fileRef = F7334F1C1B39037B003307BE /* nextMovie@1x.png */; };
		F7334F4A1B39037B003307BE /* nextMovie@2x.png in Resources */ = {isa = PBXBuildFile; fileRef = F7334F1D1B39037B003307BE /* nextMovie@2x.png */; };
		F7334F4B1B39037B003307BE /* off-highlight@1x.png in Resources */ = {isa = PBXBuildFile; fileRef = F7334F1E1B39037B003307BE /* off-highlight@1x.png */; };
		F7334F4C1B39037B003307BE /* off-highlight@2x.png in Resources */ = {isa = PBXBuildFile; fileRef = F7334F1F1B39037B003307BE /* off-highlight@2x.png */; };
		F7334F4D1B39037B003307BE /* off@1x.png in Resources */ = {isa = PBXBuildFile; fileRef = F7334F201B39037B003307BE /* off@1x.png */; };
		F7334F4E1B39037B003307BE /* off@2x.png in Resources */ = {isa = PBXBuildFile; fileRef = F7334F211B39037B003307BE /* off@2x.png */; };
		F7334F501B39037B003307BE /* on-highlight@2x.png in Resources */ = {isa = PBXBuildFile; fileRef = F7334F231B39037B003307BE /* on-highlight@2x.png */; };
		F7334F511B39037B003307BE /* on@1x.png in Resources */ = {isa = PBXBuildFile; fileRef = F7334F241B39037B003307BE /* on@1x.png */; };
		F7334F521B39037B003307BE /* on@2x.png in Resources */ = {isa = PBXBuildFile; fileRef = F7334F251B39037B003307BE /* on@2x.png */; };
		F7334F531B39037B003307BE /* pause-highlight@1x.png in Resources */ = {isa = PBXBuildFile; fileRef = F7334F261B39037B003307BE /* pause-highlight@1x.png */; };
		F7334F541B39037B003307BE /* pause-highlight@2x.png in Resources */ = {isa = PBXBuildFile; fileRef = F7334F271B39037B003307BE /* pause-highlight@2x.png */; };
		F7334F551B39037B003307BE /* pause@1x.png in Resources */ = {isa = PBXBuildFile; fileRef = F7334F281B39037B003307BE /* pause@1x.png */; };
		F7334F561B39037B003307BE /* pause@2x.png in Resources */ = {isa = PBXBuildFile; fileRef = F7334F291B39037B003307BE /* pause@2x.png */; };
		F7334F571B39037B003307BE /* play-highlight@1x.png in Resources */ = {isa = PBXBuildFile; fileRef = F7334F2A1B39037B003307BE /* play-highlight@1x.png */; };
		F7334F581B39037B003307BE /* play-highlight@2x.png in Resources */ = {isa = PBXBuildFile; fileRef = F7334F2B1B39037B003307BE /* play-highlight@2x.png */; };
		F7334F591B39037B003307BE /* play@1x.png in Resources */ = {isa = PBXBuildFile; fileRef = F7334F2C1B39037B003307BE /* play@1x.png */; };
		F7334F5A1B39037B003307BE /* play@2x.png in Resources */ = {isa = PBXBuildFile; fileRef = F7334F2D1B39037B003307BE /* play@2x.png */; };
		F7334F5B1B39037B003307BE /* playerBg@1x.png in Resources */ = {isa = PBXBuildFile; fileRef = F7334F2E1B39037B003307BE /* playerBg@1x.png */; };
		F7334F5C1B39037B003307BE /* playerBg@2x.png in Resources */ = {isa = PBXBuildFile; fileRef = F7334F2F1B39037B003307BE /* playerBg@2x.png */; };
		F7334F5D1B39037B003307BE /* preMovie-highlight@1x.png in Resources */ = {isa = PBXBuildFile; fileRef = F7334F301B39037B003307BE /* preMovie-highlight@1x.png */; };
		F7334F5E1B39037B003307BE /* preMovie-highlight@2x.png in Resources */ = {isa = PBXBuildFile; fileRef = F7334F311B39037B003307BE /* preMovie-highlight@2x.png */; };
		F7334F5F1B39037B003307BE /* preMovie@1x.png in Resources */ = {isa = PBXBuildFile; fileRef = F7334F321B39037B003307BE /* preMovie@1x.png */; };
		F7334F601B39037B003307BE /* preMovie@2x.png in Resources */ = {isa = PBXBuildFile; fileRef = F7334F331B39037B003307BE /* preMovie@2x.png */; };
		F7334F611B39037B003307BE /* setting@1x.png in Resources */ = {isa = PBXBuildFile; fileRef = F7334F341B39037B003307BE /* setting@1x.png */; };
		F7334F621B39037B003307BE /* setting@2x.png in Resources */ = {isa = PBXBuildFile; fileRef = F7334F351B39037B003307BE /* setting@2x.png */; };
		F7334F631B39037B003307BE /* stop-highlight@1x.png in Resources */ = {isa = PBXBuildFile; fileRef = F7334F361B39037B003307BE /* stop-highlight@1x.png */; };
		F7334F641B39037B003307BE /* stop-highlight@2x.png in Resources */ = {isa = PBXBuildFile; fileRef = F7334F371B39037B003307BE /* stop-highlight@2x.png */; };
		F7334F651B39037B003307BE /* stop@1x.png in Resources */ = {isa = PBXBuildFile; fileRef = F7334F381B39037B003307BE /* stop@1x.png */; };
		F7334F661B39037B003307BE /* stop@2x.png in Resources */ = {isa = PBXBuildFile; fileRef = F7334F391B39037B003307BE /* stop@2x.png */; };
		F7334F671B39037B003307BE /* volumeAdd-highlight@1x.png in Resources */ = {isa = PBXBuildFile; fileRef = F7334F3A1B39037B003307BE /* volumeAdd-highlight@1x.png */; };
		F7334F681B39037B003307BE /* volumeAdd-highlight@2x.png in Resources */ = {isa = PBXBuildFile; fileRef = F7334F3B1B39037B003307BE /* volumeAdd-highlight@2x.png */; };
		F7334F691B39037B003307BE /* volumeAdd@1x.png in Resources */ = {isa = PBXBuildFile; fileRef = F7334F3C1B39037B003307BE /* volumeAdd@1x.png */; };
		F7334F6A1B39037B003307BE /* volumeAdd@2x.png in Resources */ = {isa = PBXBuildFile; fileRef = F7334F3D1B39037B003307BE /* volumeAdd@2x.png */; };
		F7334F6B1B39037B003307BE /* volumeMinus-highlight@1x.png in Resources */ = {isa = PBXBuildFile; fileRef = F7334F3E1B39037B003307BE /* volumeMinus-highlight@1x.png */; };
		F7334F6C1B39037B003307BE /* volumeMinus-highlight@2x.png in Resources */ = {isa = PBXBuildFile; fileRef = F7334F3F1B39037B003307BE /* volumeMinus-highlight@2x.png */; };
		F7334F6D1B39037B003307BE /* volumeMinus@1x.png in Resources */ = {isa = PBXBuildFile; fileRef = F7334F401B39037B003307BE /* volumeMinus@1x.png */; };
		F7334F6E1B39037B003307BE /* volumeMinus@2x.png in Resources */ = {isa = PBXBuildFile; fileRef = F7334F411B39037B003307BE /* volumeMinus@2x.png */; };
		F7334F711B390800003307BE /* on-highlight@1x.png in Resources */ = {isa = PBXBuildFile; fileRef = F7334F701B390800003307BE /* on-highlight@1x.png */; };
		F7334F741B391871003307BE /* backgroup@1x.png in Resources */ = {isa = PBXBuildFile; fileRef = F7334F721B391871003307BE /* backgroup@1x.png */; };
		F7334F751B391871003307BE /* backgroup@2x.png in Resources */ = {isa = PBXBuildFile; fileRef = F7334F731B391871003307BE /* backgroup@2x.png */; };
		F7334F771B393968003307BE /* controlBg@2x.png in Resources */ = {isa = PBXBuildFile; fileRef = F7334F761B393968003307BE /* controlBg@2x.png */; };
		F7334F791B3939B7003307BE /* controlBg@1x.png in Resources */ = {isa = PBXBuildFile; fileRef = F7334F781B3939B7003307BE /* controlBg@1x.png */; };
		F7334F7E1B393EC0003307BE /* zq-highlight@1x.png in Resources */ = {isa = PBXBuildFile; fileRef = F7334F7A1B393EC0003307BE /* zq-highlight@1x.png */; };
		F7334F7F1B393EC0003307BE /* zq-highlight@2x.png in Resources */ = {isa = PBXBuildFile; fileRef = F7334F7B1B393EC0003307BE /* zq-highlight@2x.png */; };
		F7334F801B393EC0003307BE /* zq@1x.png in Resources */ = {isa = PBXBuildFile; fileRef = F7334F7C1B393EC0003307BE /* zq@1x.png */; };
		F7334F811B393EC0003307BE /* zq@2x.png in Resources */ = {isa = PBXBuildFile; fileRef = F7334F7D1B393EC0003307BE /* zq@2x.png */; };
		F77ED08C1B69DDF900AFFA33 /* BmobSDK.framework in Frameworks */ = {isa = PBXBuildFile; fileRef = F77ED08B1B69DDF900AFFA33 /* BmobSDK.framework */; };
		F77ED0901B69E16A00AFFA33 /* libz.1.2.5.dylib in Frameworks */ = {isa = PBXBuildFile; fileRef = F77ED08F1B69E16A00AFFA33 /* libz.1.2.5.dylib */; };
		F77ED0921B69E18000AFFA33 /* libicucore.dylib in Frameworks */ = {isa = PBXBuildFile; fileRef = F77ED0911B69E18000AFFA33 /* libicucore.dylib */; };
		F77ED0941B69E18F00AFFA33 /* libsqlite3.dylib in Frameworks */ = {isa = PBXBuildFile; fileRef = F77ED0931B69E18F00AFFA33 /* libsqlite3.dylib */; };
		F77ED09A1B6A34C900AFFA33 /* SLKeychain.m in Sources */ = {isa = PBXBuildFile; fileRef = F77ED0991B6A34C900AFFA33 /* SLKeychain.m */; };
		F77F7B8F1B4B86EA00E585AD /* GroupControl.m in Sources */ = {isa = PBXBuildFile; fileRef = F77F7B8E1B4B86EA00E585AD /* GroupControl.m */; };
		F77FF3AC1B3BEB6C00309BB5 /* zqmenu-bg@1x.png in Resources */ = {isa = PBXBuildFile; fileRef = F77FF3AA1B3BEB6C00309BB5 /* zqmenu-bg@1x.png */; };
		F77FF3AD1B3BEB6C00309BB5 /* zqmenu-bg@2x.png in Resources */ = {isa = PBXBuildFile; fileRef = F77FF3AB1B3BEB6C00309BB5 /* zqmenu-bg@2x.png */; };
		F77FF3B21B3C014700309BB5 /* arrowLeft@1x.png in Resources */ = {isa = PBXBuildFile; fileRef = F77FF3AE1B3C014700309BB5 /* arrowLeft@1x.png */; };
		F77FF3B31B3C014700309BB5 /* arrowLeft@2x.png in Resources */ = {isa = PBXBuildFile; fileRef = F77FF3AF1B3C014700309BB5 /* arrowLeft@2x.png */; };
		F77FF3B41B3C014700309BB5 /* arrowRight@1x.png in Resources */ = {isa = PBXBuildFile; fileRef = F77FF3B01B3C014700309BB5 /* arrowRight@1x.png */; };
		F77FF3B51B3C014700309BB5 /* arrowRight@2x.png in Resources */ = {isa = PBXBuildFile; fileRef = F77FF3B11B3C014700309BB5 /* arrowRight@2x.png */; };
		F7A427FA1B3AB0BB00391828 /* SLUICollectionViewLayout.m in Sources */ = {isa = PBXBuildFile; fileRef = F7A427F91B3AB0BB00391828 /* SLUICollectionViewLayout.m */; };
		F7DB68271B56A25E001491FF /* PlayerImageControl.m in Sources */ = {isa = PBXBuildFile; fileRef = F7DB68261B56A25E001491FF /* PlayerImageControl.m */; };
		F7DD308B1B57976A0061EE86 /* imagePlay-hightlight@1x.png in Resources */ = {isa = PBXBuildFile; fileRef = F7DD30811B57976A0061EE86 /* imagePlay-hightlight@1x.png */; };
		F7DD308C1B57976A0061EE86 /* imagePlay-hightlight@2x.png in Resources */ = {isa = PBXBuildFile; fileRef = F7DD30821B57976A0061EE86 /* imagePlay-hightlight@2x.png */; };
		F7DD308F1B57976A0061EE86 /* imageStop-hightlight@2x.png in Resources */ = {isa = PBXBuildFile; fileRef = F7DD30851B57976A0061EE86 /* imageStop-hightlight@2x.png */; };
		F7DD30901B57976A0061EE86 /* imageStop-hightlight@1x.png in Resources */ = {isa = PBXBuildFile; fileRef = F7DD30861B57976A0061EE86 /* imageStop-hightlight@1x.png */; };
		F7DD30911B57976A0061EE86 /* nextImage-hightlight@1x.png in Resources */ = {isa = PBXBuildFile; fileRef = F7DD30871B57976A0061EE86 /* nextImage-hightlight@1x.png */; };
		F7DD30921B57976A0061EE86 /* nextImage-hightlight@2x.png in Resources */ = {isa = PBXBuildFile; fileRef = F7DD30881B57976A0061EE86 /* nextImage-hightlight@2x.png */; };
		F7DD30931B57976A0061EE86 /* preImage-hightlight@1x.png in Resources */ = {isa = PBXBuildFile; fileRef = F7DD30891B57976A0061EE86 /* preImage-hightlight@1x.png */; };
		F7DD30941B57976A0061EE86 /* preImage-hightlight@2x.png in Resources */ = {isa = PBXBuildFile; fileRef = F7DD308A1B57976A0061EE86 /* preImage-hightlight@2x.png */; };
		F7DD309F1B579DE30061EE86 /* imagePlayerBg@1x.png in Resources */ = {isa = PBXBuildFile; fileRef = F7DD30951B579DE30061EE86 /* imagePlayerBg@1x.png */; };
		F7DD30A01B579DE30061EE86 /* imagePlayerBg@2x.png in Resources */ = {isa = PBXBuildFile; fileRef = F7DD30961B579DE30061EE86 /* imagePlayerBg@2x.png */; };
		F7DD30A11B579DE30061EE86 /* nextImage@1x.png in Resources */ = {isa = PBXBuildFile; fileRef = F7DD30971B579DE30061EE86 /* nextImage@1x.png */; };
		F7DD30A21B579DE30061EE86 /* nextImage@2x.png in Resources */ = {isa = PBXBuildFile; fileRef = F7DD30981B579DE30061EE86 /* nextImage@2x.png */; };
		F7DD30A31B579DE30061EE86 /* imagePlay@1x.png in Resources */ = {isa = PBXBuildFile; fileRef = F7DD30991B579DE30061EE86 /* imagePlay@1x.png */; };
		F7DD30A41B579DE30061EE86 /* imagePlay@2x.png in Resources */ = {isa = PBXBuildFile; fileRef = F7DD309A1B579DE30061EE86 /* imagePlay@2x.png */; };
		F7DD30A51B579DE30061EE86 /* preImage@1x.png in Resources */ = {isa = PBXBuildFile; fileRef = F7DD309B1B579DE30061EE86 /* preImage@1x.png */; };
		F7DD30A61B579DE30061EE86 /* preImage@2x.png in Resources */ = {isa = PBXBuildFile; fileRef = F7DD309C1B579DE30061EE86 /* preImage@2x.png */; };
		F7DD30A71B579DE30061EE86 /* imageStop@1x.png in Resources */ = {isa = PBXBuildFile; fileRef = F7DD309D1B579DE30061EE86 /* imageStop@1x.png */; };
		F7DD30A81B579DE30061EE86 /* imageStop@2x.png in Resources */ = {isa = PBXBuildFile; fileRef = F7DD309E1B579DE30061EE86 /* imageStop@2x.png */; };
/* End PBXBuildFile section */

/* Begin PBXContainerItemProxy section */
		9E9221451ADBB91700B942CC /* PBXContainerItemProxy */ = {
			isa = PBXContainerItemProxy;
			containerPortal = 9E9221201ADBB91700B942CC /* Project object */;
			proxyType = 1;
			remoteGlobalIDString = 9E9221271ADBB91700B942CC;
			remoteInfo = ksdControl;
		};
/* End PBXContainerItemProxy section */

/* Begin PBXFileReference section */
		2D21E6881B0EEDE70023E489 /* JsonControl.h */ = {isa = PBXFileReference; fileEncoding = 4; lastKnownFileType = sourcecode.c.h; path = JsonControl.h; sourceTree = "<group>"; };
		2D21E6891B0EEDE70023E489 /* JsonControl.m */ = {isa = PBXFileReference; fileEncoding = 4; lastKnownFileType = sourcecode.c.objc; path = JsonControl.m; sourceTree = "<group>"; };
		2D6BEF141AF9F46D005E08F9 /* SetViewController.m */ = {isa = PBXFileReference; fileEncoding = 4; lastKnownFileType = sourcecode.c.objc; path = SetViewController.m; sourceTree = "<group>"; };
		2D6D71D81B33BAA600401721 /* ksdControl.entitlements */ = {isa = PBXFileReference; lastKnownFileType = text.xml; path = ksdControl.entitlements; sourceTree = "<group>"; };
		2D81BDE61B0C7304007F0220 /* PlayerVideoControl.h */ = {isa = PBXFileReference; fileEncoding = 4; lastKnownFileType = sourcecode.c.h; path = PlayerVideoControl.h; sourceTree = "<group>"; };
		2D81BDE71B0C7304007F0220 /* PlayerVideoControl.m */ = {isa = PBXFileReference; fileEncoding = 4; lastKnownFileType = sourcecode.c.objc; path = PlayerVideoControl.m; sourceTree = "<group>"; };
		2D88D53B1B01C07C0091BDB0 /* ElementViewController.h */ = {isa = PBXFileReference; fileEncoding = 4; lastKnownFileType = sourcecode.c.h; path = ElementViewController.h; sourceTree = "<group>"; };
		2D88D53C1B01C07C0091BDB0 /* ElementViewController.m */ = {isa = PBXFileReference; fileEncoding = 4; lastKnownFileType = sourcecode.c.objc; path = ElementViewController.m; sourceTree = "<group>"; };
		2D99CA5F1B05DB2300E6A409 /* AreaViewController.h */ = {isa = PBXFileReference; fileEncoding = 4; lastKnownFileType = sourcecode.c.h; path = AreaViewController.h; sourceTree = "<group>"; };
		2D99CA601B05DB2300E6A409 /* AreaViewController.m */ = {isa = PBXFileReference; fileEncoding = 4; lastKnownFileType = sourcecode.c.objc; path = AreaViewController.m; sourceTree = "<group>"; };
		2DB1327F1ADCFE0500A199C9 /* LoginViewController.h */ = {isa = PBXFileReference; fileEncoding = 4; lastKnownFileType = sourcecode.c.h; path = LoginViewController.h; sourceTree = "<group>"; };
		2DB132801ADCFE0500A199C9 /* LoginViewController.m */ = {isa = PBXFileReference; fileEncoding = 4; lastKnownFileType = sourcecode.c.objc; path = LoginViewController.m; sourceTree = "<group>"; };
		2DF43B471B03577000FBA7C7 /* GroupViewController.h */ = {isa = PBXFileReference; fileEncoding = 4; lastKnownFileType = sourcecode.c.h; path = GroupViewController.h; sourceTree = "<group>"; };
		2DF43B481B03577000FBA7C7 /* GroupViewController.m */ = {isa = PBXFileReference; fileEncoding = 4; lastKnownFileType = sourcecode.c.objc; path = GroupViewController.m; sourceTree = "<group>"; };
		9E33E1821AF0D258002B90FB /* Model.h */ = {isa = PBXFileReference; fileEncoding = 4; lastKnownFileType = sourcecode.c.h; path = Model.h; sourceTree = "<group>"; };
		9E33E1831AF0D258002B90FB /* Model.m */ = {isa = PBXFileReference; fileEncoding = 4; lastKnownFileType = sourcecode.c.objc; path = Model.m; sourceTree = "<group>"; };
		9E4682021B543597009FD6E6 /* Sever.h */ = {isa = PBXFileReference; fileEncoding = 4; lastKnownFileType = sourcecode.c.h; path = Sever.h; sourceTree = "<group>"; };
		9E4682031B543597009FD6E6 /* Sever.m */ = {isa = PBXFileReference; fileEncoding = 4; lastKnownFileType = sourcecode.c.objc; path = Sever.m; sourceTree = "<group>"; };
		9E9221281ADBB91700B942CC /* ksdControl.app */ = {isa = PBXFileReference; explicitFileType = wrapper.application; includeInIndex = 0; path = ksdControl.app; sourceTree = BUILT_PRODUCTS_DIR; };
		9E92212C1ADBB91700B942CC /* Info.plist */ = {isa = PBXFileReference; lastKnownFileType = text.plist.xml; path = Info.plist; sourceTree = "<group>"; };
		9E92212D1ADBB91700B942CC /* main.m */ = {isa = PBXFileReference; lastKnownFileType = sourcecode.c.objc; path = main.m; sourceTree = "<group>"; };
		9E92212F1ADBB91700B942CC /* AppDelegate.h */ = {isa = PBXFileReference; lastKnownFileType = sourcecode.c.h; path = AppDelegate.h; sourceTree = "<group>"; };
		9E9221301ADBB91700B942CC /* AppDelegate.m */ = {isa = PBXFileReference; lastKnownFileType = sourcecode.c.objc; path = AppDelegate.m; sourceTree = "<group>"; };
		9E9221331ADBB91700B942CC /* ksdControl.xcdatamodel */ = {isa = PBXFileReference; lastKnownFileType = wrapper.xcdatamodel; path = ksdControl.xcdatamodel; sourceTree = "<group>"; };
		9E9221351ADBB91700B942CC /* ViewController.h */ = {isa = PBXFileReference; lastKnownFileType = sourcecode.c.h; path = ViewController.h; sourceTree = "<group>"; };
		9E9221361ADBB91700B942CC /* ViewController.m */ = {isa = PBXFileReference; lastKnownFileType = sourcecode.c.objc; path = ViewController.m; sourceTree = "<group>"; };
		9E9221391ADBB91700B942CC /* Base */ = {isa = PBXFileReference; lastKnownFileType = file.storyboard; name = Base; path = Base.lproj/Main.storyboard; sourceTree = "<group>"; };
		9E92213B1ADBB91700B942CC /* Images.xcassets */ = {isa = PBXFileReference; lastKnownFileType = folder.assetcatalog; path = Images.xcassets; sourceTree = "<group>"; };
		9E92213E1ADBB91700B942CC /* Base */ = {isa = PBXFileReference; lastKnownFileType = file.xib; name = Base; path = Base.lproj/LaunchScreen.xib; sourceTree = "<group>"; };
		9E9221441ADBB91700B942CC /* ksdControlTests.xctest */ = {isa = PBXFileReference; explicitFileType = wrapper.cfbundle; includeInIndex = 0; path = ksdControlTests.xctest; sourceTree = BUILT_PRODUCTS_DIR; };
		9E9221491ADBB91700B942CC /* Info.plist */ = {isa = PBXFileReference; lastKnownFileType = text.plist.xml; path = Info.plist; sourceTree = "<group>"; };
		9E92214A1ADBB91700B942CC /* ksdControlTests.m */ = {isa = PBXFileReference; lastKnownFileType = sourcecode.c.objc; path = ksdControlTests.m; sourceTree = "<group>"; };
		9E92215A1ADBBD9C00B942CC /* ProjectControl.h */ = {isa = PBXFileReference; fileEncoding = 4; lastKnownFileType = sourcecode.c.h; path = ProjectControl.h; sourceTree = "<group>"; };
		9E92215B1ADBBD9C00B942CC /* ProjectControl.m */ = {isa = PBXFileReference; fileEncoding = 4; lastKnownFileType = sourcecode.c.objc; path = ProjectControl.m; sourceTree = "<group>"; };
		9E92215D1ADBBDF300B942CC /* ComputerControl.h */ = {isa = PBXFileReference; fileEncoding = 4; lastKnownFileType = sourcecode.c.h; path = ComputerControl.h; sourceTree = "<group>"; };
		9E92215E1ADBBDF300B942CC /* ComputerControl.m */ = {isa = PBXFileReference; fileEncoding = 4; lastKnownFileType = sourcecode.c.objc; path = ComputerControl.m; sourceTree = "<group>"; };
		9E9221601ADBBE1200B942CC /* RelayControl.h */ = {isa = PBXFileReference; fileEncoding = 4; lastKnownFileType = sourcecode.c.h; path = RelayControl.h; sourceTree = "<group>"; };
		9E9221611ADBBE1200B942CC /* RelayControl.m */ = {isa = PBXFileReference; fileEncoding = 4; lastKnownFileType = sourcecode.c.objc; path = RelayControl.m; sourceTree = "<group>"; };
		9E9221631ADBBF2200B942CC /* ComputerVO.h */ = {isa = PBXFileReference; fileEncoding = 4; lastKnownFileType = sourcecode.c.h; path = ComputerVO.h; sourceTree = "<group>"; };
		9E9221641ADBBF2200B942CC /* ComputerVO.m */ = {isa = PBXFileReference; fileEncoding = 4; lastKnownFileType = sourcecode.c.objc; path = ComputerVO.m; sourceTree = "<group>"; };
		9E9221661ADBBF4100B942CC /* RelayVO.h */ = {isa = PBXFileReference; fileEncoding = 4; lastKnownFileType = sourcecode.c.h; path = RelayVO.h; sourceTree = "<group>"; };
		9E9221671ADBBF4100B942CC /* RelayVO.m */ = {isa = PBXFileReference; fileEncoding = 4; lastKnownFileType = sourcecode.c.objc; path = RelayVO.m; sourceTree = "<group>"; };
		9E9221691ADBBF5F00B942CC /* ProjectVO.h */ = {isa = PBXFileReference; fileEncoding = 4; lastKnownFileType = sourcecode.c.h; path = ProjectVO.h; sourceTree = "<group>"; };
		9E92216A1ADBBF5F00B942CC /* ProjectVO.m */ = {isa = PBXFileReference; fileEncoding = 4; lastKnownFileType = sourcecode.c.objc; path = ProjectVO.m; sourceTree = "<group>"; };
		9EDB01811AEF259500FD74FE /* SetViewController.h */ = {isa = PBXFileReference; fileEncoding = 4; lastKnownFileType = sourcecode.c.h; path = SetViewController.h; sourceTree = "<group>"; };
		9EDB01841AEF261000FD74FE /* ControlViewController.h */ = {isa = PBXFileReference; fileEncoding = 4; lastKnownFileType = sourcecode.c.h; path = ControlViewController.h; sourceTree = "<group>"; };
		9EDB01851AEF261000FD74FE /* ControlViewController.m */ = {isa = PBXFileReference; fileEncoding = 4; lastKnownFileType = sourcecode.c.objc; path = ControlViewController.m; sourceTree = "<group>"; };
		9EDB01871AEF271900FD74FE /* VO.h */ = {isa = PBXFileReference; fileEncoding = 4; lastKnownFileType = sourcecode.c.h; path = VO.h; sourceTree = "<group>"; };
		9EDB01881AEF271900FD74FE /* VO.m */ = {isa = PBXFileReference; fileEncoding = 4; lastKnownFileType = sourcecode.c.objc; path = VO.m; sourceTree = "<group>"; };
		9EDB018A1AEF2B5800FD74FE /* ElementVO.h */ = {isa = PBXFileReference; fileEncoding = 4; lastKnownFileType = sourcecode.c.h; path = ElementVO.h; sourceTree = "<group>"; };
		9EDB018B1AEF2B5800FD74FE /* ElementVO.m */ = {isa = PBXFileReference; fileEncoding = 4; lastKnownFileType = sourcecode.c.objc; path = ElementVO.m; sourceTree = "<group>"; };
		9EDB018D1AEF2BA200FD74FE /* GroupVO.h */ = {isa = PBXFileReference; fileEncoding = 4; lastKnownFileType = sourcecode.c.h; path = GroupVO.h; sourceTree = "<group>"; };
		9EDB018E1AEF2BA200FD74FE /* GroupVO.m */ = {isa = PBXFileReference; fileEncoding = 4; lastKnownFileType = sourcecode.c.objc; path = GroupVO.m; sourceTree = "<group>"; };
		9EDB01901AEF2BF500FD74FE /* AreaVO.h */ = {isa = PBXFileReference; fileEncoding = 4; lastKnownFileType = sourcecode.c.h; path = AreaVO.h; sourceTree = "<group>"; };
		9EDB01911AEF2BF500FD74FE /* AreaVO.m */ = {isa = PBXFileReference; fileEncoding = 4; lastKnownFileType = sourcecode.c.objc; path = AreaVO.m; sourceTree = "<group>"; };
		9EDB01951AEF3B4300FD74FE /* PlayerVO.h */ = {isa = PBXFileReference; fileEncoding = 4; lastKnownFileType = sourcecode.c.h; path = PlayerVO.h; sourceTree = "<group>"; };
		9EDB01961AEF3B4300FD74FE /* PlayerVO.m */ = {isa = PBXFileReference; fileEncoding = 4; lastKnownFileType = sourcecode.c.objc; path = PlayerVO.m; sourceTree = "<group>"; };
		9EFDE8851B4A61E600734881 /* GCDAsyncSocket.h */ = {isa = PBXFileReference; fileEncoding = 4; lastKnownFileType = sourcecode.c.h; name = GCDAsyncSocket.h; path = libs/GCDAsyncSocket.h; sourceTree = "<group>"; };
		9EFDE8861B4A61E600734881 /* GCDAsyncSocket.m */ = {isa = PBXFileReference; fileEncoding = 4; lastKnownFileType = sourcecode.c.objc; name = GCDAsyncSocket.m; path = libs/GCDAsyncSocket.m; sourceTree = "<group>"; };
		9EFDE8871B4A61E600734881 /* GCDAsyncUdpSocket.h */ = {isa = PBXFileReference; fileEncoding = 4; lastKnownFileType = sourcecode.c.h; name = GCDAsyncUdpSocket.h; path = libs/GCDAsyncUdpSocket.h; sourceTree = "<group>"; };
		9EFDE8881B4A61E600734881 /* GCDAsyncUdpSocket.m */ = {isa = PBXFileReference; fileEncoding = 4; lastKnownFileType = sourcecode.c.objc; name = GCDAsyncUdpSocket.m; path = libs/GCDAsyncUdpSocket.m; sourceTree = "<group>"; };
		F7334F161B39037B003307BE /* enter@1x.png */ = {isa = PBXFileReference; lastKnownFileType = image.png; path = "enter@1x.png"; sourceTree = "<group>"; };
		F7334F171B39037B003307BE /* enter@2x.png */ = {isa = PBXFileReference; lastKnownFileType = image.png; path = "enter@2x.png"; sourceTree = "<group>"; };
		F7334F181B39037B003307BE /* info@1x.png */ = {isa = PBXFileReference; lastKnownFileType = image.png; path = "info@1x.png"; sourceTree = "<group>"; };
		F7334F191B39037B003307BE /* info@2x.png */ = {isa = PBXFileReference; lastKnownFileType = image.png; path = "info@2x.png"; sourceTree = "<group>"; };
		F7334F1A1B39037B003307BE /* nextMovie-highlight@1x.png */ = {isa = PBXFileReference; lastKnownFileType = image.png; path = "nextMovie-highlight@1x.png"; sourceTree = "<group>"; };
		F7334F1B1B39037B003307BE /* nextMovie-highlight@2x.png */ = {isa = PBXFileReference; lastKnownFileType = image.png; path = "nextMovie-highlight@2x.png"; sourceTree = "<group>"; };
		F7334F1C1B39037B003307BE /* nextMovie@1x.png */ = {isa = PBXFileReference; lastKnownFileType = image.png; path = "nextMovie@1x.png"; sourceTree = "<group>"; };
		F7334F1D1B39037B003307BE /* nextMovie@2x.png */ = {isa = PBXFileReference; lastKnownFileType = image.png; path = "nextMovie@2x.png"; sourceTree = "<group>"; };
		F7334F1E1B39037B003307BE /* off-highlight@1x.png */ = {isa = PBXFileReference; lastKnownFileType = image.png; path = "off-highlight@1x.png"; sourceTree = "<group>"; };
		F7334F1F1B39037B003307BE /* off-highlight@2x.png */ = {isa = PBXFileReference; lastKnownFileType = image.png; path = "off-highlight@2x.png"; sourceTree = "<group>"; };
		F7334F201B39037B003307BE /* off@1x.png */ = {isa = PBXFileReference; lastKnownFileType = image.png; path = "off@1x.png"; sourceTree = "<group>"; };
		F7334F211B39037B003307BE /* off@2x.png */ = {isa = PBXFileReference; lastKnownFileType = image.png; path = "off@2x.png"; sourceTree = "<group>"; };
		F7334F231B39037B003307BE /* on-highlight@2x.png */ = {isa = PBXFileReference; lastKnownFileType = image.png; path = "on-highlight@2x.png"; sourceTree = "<group>"; };
		F7334F241B39037B003307BE /* on@1x.png */ = {isa = PBXFileReference; lastKnownFileType = image.png; path = "on@1x.png"; sourceTree = "<group>"; };
		F7334F251B39037B003307BE /* on@2x.png */ = {isa = PBXFileReference; lastKnownFileType = image.png; path = "on@2x.png"; sourceTree = "<group>"; };
		F7334F261B39037B003307BE /* pause-highlight@1x.png */ = {isa = PBXFileReference; lastKnownFileType = image.png; path = "pause-highlight@1x.png"; sourceTree = "<group>"; };
		F7334F271B39037B003307BE /* pause-highlight@2x.png */ = {isa = PBXFileReference; lastKnownFileType = image.png; path = "pause-highlight@2x.png"; sourceTree = "<group>"; };
		F7334F281B39037B003307BE /* pause@1x.png */ = {isa = PBXFileReference; lastKnownFileType = image.png; path = "pause@1x.png"; sourceTree = "<group>"; };
		F7334F291B39037B003307BE /* pause@2x.png */ = {isa = PBXFileReference; lastKnownFileType = image.png; path = "pause@2x.png"; sourceTree = "<group>"; };
		F7334F2A1B39037B003307BE /* play-highlight@1x.png */ = {isa = PBXFileReference; lastKnownFileType = image.png; path = "play-highlight@1x.png"; sourceTree = "<group>"; };
		F7334F2B1B39037B003307BE /* play-highlight@2x.png */ = {isa = PBXFileReference; lastKnownFileType = image.png; path = "play-highlight@2x.png"; sourceTree = "<group>"; };
		F7334F2C1B39037B003307BE /* play@1x.png */ = {isa = PBXFileReference; lastKnownFileType = image.png; path = "play@1x.png"; sourceTree = "<group>"; };
		F7334F2D1B39037B003307BE /* play@2x.png */ = {isa = PBXFileReference; lastKnownFileType = image.png; path = "play@2x.png"; sourceTree = "<group>"; };
		F7334F2E1B39037B003307BE /* playerBg@1x.png */ = {isa = PBXFileReference; lastKnownFileType = image.png; path = "playerBg@1x.png"; sourceTree = "<group>"; };
		F7334F2F1B39037B003307BE /* playerBg@2x.png */ = {isa = PBXFileReference; lastKnownFileType = image.png; path = "playerBg@2x.png"; sourceTree = "<group>"; };
		F7334F301B39037B003307BE /* preMovie-highlight@1x.png */ = {isa = PBXFileReference; lastKnownFileType = image.png; path = "preMovie-highlight@1x.png"; sourceTree = "<group>"; };
		F7334F311B39037B003307BE /* preMovie-highlight@2x.png */ = {isa = PBXFileReference; lastKnownFileType = image.png; path = "preMovie-highlight@2x.png"; sourceTree = "<group>"; };
		F7334F321B39037B003307BE /* preMovie@1x.png */ = {isa = PBXFileReference; lastKnownFileType = image.png; path = "preMovie@1x.png"; sourceTree = "<group>"; };
		F7334F331B39037B003307BE /* preMovie@2x.png */ = {isa = PBXFileReference; lastKnownFileType = image.png; path = "preMovie@2x.png"; sourceTree = "<group>"; };
		F7334F341B39037B003307BE /* setting@1x.png */ = {isa = PBXFileReference; lastKnownFileType = image.png; path = "setting@1x.png"; sourceTree = "<group>"; };
		F7334F351B39037B003307BE /* setting@2x.png */ = {isa = PBXFileReference; lastKnownFileType = image.png; path = "setting@2x.png"; sourceTree = "<group>"; };
		F7334F361B39037B003307BE /* stop-highlight@1x.png */ = {isa = PBXFileReference; lastKnownFileType = image.png; path = "stop-highlight@1x.png"; sourceTree = "<group>"; };
		F7334F371B39037B003307BE /* stop-highlight@2x.png */ = {isa = PBXFileReference; lastKnownFileType = image.png; path = "stop-highlight@2x.png"; sourceTree = "<group>"; };
		F7334F381B39037B003307BE /* stop@1x.png */ = {isa = PBXFileReference; lastKnownFileType = image.png; path = "stop@1x.png"; sourceTree = "<group>"; };
		F7334F391B39037B003307BE /* stop@2x.png */ = {isa = PBXFileReference; lastKnownFileType = image.png; path = "stop@2x.png"; sourceTree = "<group>"; };
		F7334F3A1B39037B003307BE /* volumeAdd-highlight@1x.png */ = {isa = PBXFileReference; lastKnownFileType = image.png; path = "volumeAdd-highlight@1x.png"; sourceTree = "<group>"; };
		F7334F3B1B39037B003307BE /* volumeAdd-highlight@2x.png */ = {isa = PBXFileReference; lastKnownFileType = image.png; path = "volumeAdd-highlight@2x.png"; sourceTree = "<group>"; };
		F7334F3C1B39037B003307BE /* volumeAdd@1x.png */ = {isa = PBXFileReference; lastKnownFileType = image.png; path = "volumeAdd@1x.png"; sourceTree = "<group>"; };
		F7334F3D1B39037B003307BE /* volumeAdd@2x.png */ = {isa = PBXFileReference; lastKnownFileType = image.png; path = "volumeAdd@2x.png"; sourceTree = "<group>"; };
		F7334F3E1B39037B003307BE /* volumeMinus-highlight@1x.png */ = {isa = PBXFileReference; lastKnownFileType = image.png; path = "volumeMinus-highlight@1x.png"; sourceTree = "<group>"; };
		F7334F3F1B39037B003307BE /* volumeMinus-highlight@2x.png */ = {isa = PBXFileReference; lastKnownFileType = image.png; path = "volumeMinus-highlight@2x.png"; sourceTree = "<group>"; };
		F7334F401B39037B003307BE /* volumeMinus@1x.png */ = {isa = PBXFileReference; lastKnownFileType = image.png; path = "volumeMinus@1x.png"; sourceTree = "<group>"; };
		F7334F411B39037B003307BE /* volumeMinus@2x.png */ = {isa = PBXFileReference; lastKnownFileType = image.png; path = "volumeMinus@2x.png"; sourceTree = "<group>"; };
		F7334F701B390800003307BE /* on-highlight@1x.png */ = {isa = PBXFileReference; lastKnownFileType = image.png; path = "on-highlight@1x.png"; sourceTree = "<group>"; };
		F7334F721B391871003307BE /* backgroup@1x.png */ = {isa = PBXFileReference; lastKnownFileType = image.png; path = "backgroup@1x.png"; sourceTree = "<group>"; };
		F7334F731B391871003307BE /* backgroup@2x.png */ = {isa = PBXFileReference; lastKnownFileType = image.png; path = "backgroup@2x.png"; sourceTree = "<group>"; };
		F7334F761B393968003307BE /* controlBg@2x.png */ = {isa = PBXFileReference; lastKnownFileType = image.png; path = "controlBg@2x.png"; sourceTree = "<group>"; };
		F7334F781B3939B7003307BE /* controlBg@1x.png */ = {isa = PBXFileReference; lastKnownFileType = image.png; path = "controlBg@1x.png"; sourceTree = "<group>"; };
		F7334F7A1B393EC0003307BE /* zq-highlight@1x.png */ = {isa = PBXFileReference; lastKnownFileType = image.png; path = "zq-highlight@1x.png"; sourceTree = "<group>"; };
		F7334F7B1B393EC0003307BE /* zq-highlight@2x.png */ = {isa = PBXFileReference; lastKnownFileType = image.png; path = "zq-highlight@2x.png"; sourceTree = "<group>"; };
		F7334F7C1B393EC0003307BE /* zq@1x.png */ = {isa = PBXFileReference; lastKnownFileType = image.png; path = "zq@1x.png"; sourceTree = "<group>"; };
		F7334F7D1B393EC0003307BE /* zq@2x.png */ = {isa = PBXFileReference; lastKnownFileType = image.png; path = "zq@2x.png"; sourceTree = "<group>"; };
		F77ED08B1B69DDF900AFFA33 /* BmobSDK.framework */ = {isa = PBXFileReference; lastKnownFileType = wrapper.framework; name = BmobSDK.framework; path = ksdControl/BmobSDK.framework; sourceTree = "<group>"; };
		F77ED08D1B69E09700AFFA33 /* CoreLocation.framework */ = {isa = PBXFileReference; lastKnownFileType = wrapper.framework; name = CoreLocation.framework; path = System/Library/Frameworks/CoreLocation.framework; sourceTree = SDKROOT; };
		F77ED08F1B69E16A00AFFA33 /* libz.1.2.5.dylib */ = {isa = PBXFileReference; lastKnownFileType = "compiled.mach-o.dylib"; name = libz.1.2.5.dylib; path = usr/lib/libz.1.2.5.dylib; sourceTree = SDKROOT; };
		F77ED0911B69E18000AFFA33 /* libicucore.dylib */ = {isa = PBXFileReference; lastKnownFileType = "compiled.mach-o.dylib"; name = libicucore.dylib; path = usr/lib/libicucore.dylib; sourceTree = SDKROOT; };
		F77ED0931B69E18F00AFFA33 /* libsqlite3.dylib */ = {isa = PBXFileReference; lastKnownFileType = "compiled.mach-o.dylib"; name = libsqlite3.dylib; path = usr/lib/libsqlite3.dylib; sourceTree = SDKROOT; };
		F77ED0981B6A34C900AFFA33 /* SLKeychain.h */ = {isa = PBXFileReference; fileEncoding = 4; lastKnownFileType = sourcecode.c.h; path = SLKeychain.h; sourceTree = "<group>"; };
		F77ED0991B6A34C900AFFA33 /* SLKeychain.m */ = {isa = PBXFileReference; fileEncoding = 4; lastKnownFileType = sourcecode.c.objc; path = SLKeychain.m; sourceTree = "<group>"; };
		F77F7B8D1B4B86EA00E585AD /* GroupControl.h */ = {isa = PBXFileReference; fileEncoding = 4; lastKnownFileType = sourcecode.c.h; path = GroupControl.h; sourceTree = "<group>"; };
		F77F7B8E1B4B86EA00E585AD /* GroupControl.m */ = {isa = PBXFileReference; fileEncoding = 4; lastKnownFileType = sourcecode.c.objc; path = GroupControl.m; sourceTree = "<group>"; };
		F77FF3AA1B3BEB6C00309BB5 /* zqmenu-bg@1x.png */ = {isa = PBXFileReference; lastKnownFileType = image.png; path = "zqmenu-bg@1x.png"; sourceTree = "<group>"; };
		F77FF3AB1B3BEB6C00309BB5 /* zqmenu-bg@2x.png */ = {isa = PBXFileReference; lastKnownFileType = image.png; path = "zqmenu-bg@2x.png"; sourceTree = "<group>"; };
		F77FF3AE1B3C014700309BB5 /* arrowLeft@1x.png */ = {isa = PBXFileReference; lastKnownFileType = image.png; path = "arrowLeft@1x.png"; sourceTree = "<group>"; };
		F77FF3AF1B3C014700309BB5 /* arrowLeft@2x.png */ = {isa = PBXFileReference; lastKnownFileType = image.png; path = "arrowLeft@2x.png"; sourceTree = "<group>"; };
		F77FF3B01B3C014700309BB5 /* arrowRight@1x.png */ = {isa = PBXFileReference; lastKnownFileType = image.png; path = "arrowRight@1x.png"; sourceTree = "<group>"; };
		F77FF3B11B3C014700309BB5 /* arrowRight@2x.png */ = {isa = PBXFileReference; lastKnownFileType = image.png; path = "arrowRight@2x.png"; sourceTree = "<group>"; };
		F7A427F81B3AB0BB00391828 /* SLUICollectionViewLayout.h */ = {isa = PBXFileReference; fileEncoding = 4; lastKnownFileType = sourcecode.c.h; path = SLUICollectionViewLayout.h; sourceTree = "<group>"; };
		F7A427F91B3AB0BB00391828 /* SLUICollectionViewLayout.m */ = {isa = PBXFileReference; fileEncoding = 4; lastKnownFileType = sourcecode.c.objc; path = SLUICollectionViewLayout.m; sourceTree = "<group>"; };
		F7DB68251B56A25E001491FF /* PlayerImageControl.h */ = {isa = PBXFileReference; fileEncoding = 4; lastKnownFileType = sourcecode.c.h; path = PlayerImageControl.h; sourceTree = "<group>"; };
		F7DB68261B56A25E001491FF /* PlayerImageControl.m */ = {isa = PBXFileReference; fileEncoding = 4; lastKnownFileType = sourcecode.c.objc; path = PlayerImageControl.m; sourceTree = "<group>"; };
		F7DD30811B57976A0061EE86 /* imagePlay-hightlight@1x.png */ = {isa = PBXFileReference; lastKnownFileType = image.png; path = "imagePlay-hightlight@1x.png"; sourceTree = "<group>"; };
		F7DD30821B57976A0061EE86 /* imagePlay-hightlight@2x.png */ = {isa = PBXFileReference; lastKnownFileType = image.png; path = "imagePlay-hightlight@2x.png"; sourceTree = "<group>"; };
		F7DD30851B57976A0061EE86 /* imageStop-hightlight@2x.png */ = {isa = PBXFileReference; lastKnownFileType = image.png; path = "imageStop-hightlight@2x.png"; sourceTree = "<group>"; };
		F7DD30861B57976A0061EE86 /* imageStop-hightlight@1x.png */ = {isa = PBXFileReference; lastKnownFileType = image.png; path = "imageStop-hightlight@1x.png"; sourceTree = "<group>"; };
		F7DD30871B57976A0061EE86 /* nextImage-hightlight@1x.png */ = {isa = PBXFileReference; lastKnownFileType = image.png; path = "nextImage-hightlight@1x.png"; sourceTree = "<group>"; };
		F7DD30881B57976A0061EE86 /* nextImage-hightlight@2x.png */ = {isa = PBXFileReference; lastKnownFileType = image.png; path = "nextImage-hightlight@2x.png"; sourceTree = "<group>"; };
		F7DD30891B57976A0061EE86 /* preImage-hightlight@1x.png */ = {isa = PBXFileReference; lastKnownFileType = image.png; path = "preImage-hightlight@1x.png"; sourceTree = "<group>"; };
		F7DD308A1B57976A0061EE86 /* preImage-hightlight@2x.png */ = {isa = PBXFileReference; lastKnownFileType = image.png; path = "preImage-hightlight@2x.png"; sourceTree = "<group>"; };
		F7DD30951B579DE30061EE86 /* imagePlayerBg@1x.png */ = {isa = PBXFileReference; lastKnownFileType = image.png; path = "imagePlayerBg@1x.png"; sourceTree = "<group>"; };
		F7DD30961B579DE30061EE86 /* imagePlayerBg@2x.png */ = {isa = PBXFileReference; lastKnownFileType = image.png; path = "imagePlayerBg@2x.png"; sourceTree = "<group>"; };
		F7DD30971B579DE30061EE86 /* nextImage@1x.png */ = {isa = PBXFileReference; lastKnownFileType = image.png; path = "nextImage@1x.png"; sourceTree = "<group>"; };
		F7DD30981B579DE30061EE86 /* nextImage@2x.png */ = {isa = PBXFileReference; lastKnownFileType = image.png; path = "nextImage@2x.png"; sourceTree = "<group>"; };
		F7DD30991B579DE30061EE86 /* imagePlay@1x.png */ = {isa = PBXFileReference; lastKnownFileType = image.png; path = "imagePlay@1x.png"; sourceTree = "<group>"; };
		F7DD309A1B579DE30061EE86 /* imagePlay@2x.png */ = {isa = PBXFileReference; lastKnownFileType = image.png; path = "imagePlay@2x.png"; sourceTree = "<group>"; };
		F7DD309B1B579DE30061EE86 /* preImage@1x.png */ = {isa = PBXFileReference; lastKnownFileType = image.png; path = "preImage@1x.png"; sourceTree = "<group>"; };
		F7DD309C1B579DE30061EE86 /* preImage@2x.png */ = {isa = PBXFileReference; lastKnownFileType = image.png; path = "preImage@2x.png"; sourceTree = "<group>"; };
		F7DD309D1B579DE30061EE86 /* imageStop@1x.png */ = {isa = PBXFileReference; lastKnownFileType = image.png; path = "imageStop@1x.png"; sourceTree = "<group>"; };
		F7DD309E1B579DE30061EE86 /* imageStop@2x.png */ = {isa = PBXFileReference; lastKnownFileType = image.png; path = "imageStop@2x.png"; sourceTree = "<group>"; };
/* End PBXFileReference section */

/* Begin PBXFrameworksBuildPhase section */
		9E9221251ADBB91700B942CC /* Frameworks */ = {
			isa = PBXFrameworksBuildPhase;
			buildActionMask = 2147483647;
			files = (
				F77ED0941B69E18F00AFFA33 /* libsqlite3.dylib in Frameworks */,
				F77ED0921B69E18000AFFA33 /* libicucore.dylib in Frameworks */,
				F77ED0901B69E16A00AFFA33 /* libz.1.2.5.dylib in Frameworks */,
				F77ED08C1B69DDF900AFFA33 /* BmobSDK.framework in Frameworks */,
			);
			runOnlyForDeploymentPostprocessing = 0;
		};
		9E9221411ADBB91700B942CC /* Frameworks */ = {
			isa = PBXFrameworksBuildPhase;
			buildActionMask = 2147483647;
			files = (
			);
			runOnlyForDeploymentPostprocessing = 0;
		};
/* End PBXFrameworksBuildPhase section */

/* Begin PBXGroup section */
		2D81BDE41B0C71BB007F0220 /* SetViewControllers */ = {
			isa = PBXGroup;
			children = (
				9EDB01811AEF259500FD74FE /* SetViewController.h */,
				2D6BEF141AF9F46D005E08F9 /* SetViewController.m */,
				2D88D53B1B01C07C0091BDB0 /* ElementViewController.h */,
				2D88D53C1B01C07C0091BDB0 /* ElementViewController.m */,
				2DF43B471B03577000FBA7C7 /* GroupViewController.h */,
				2DF43B481B03577000FBA7C7 /* GroupViewController.m */,
				2D99CA5F1B05DB2300E6A409 /* AreaViewController.h */,
				2D99CA601B05DB2300E6A409 /* AreaViewController.m */,
			);
			name = SetViewControllers;
			sourceTree = "<group>";
		};
		2D81BDE51B0C71E3007F0220 /* ComponentCell */ = {
			isa = PBXGroup;
			children = (
				9E92215A1ADBBD9C00B942CC /* ProjectControl.h */,
				9E92215B1ADBBD9C00B942CC /* ProjectControl.m */,
				9E92215D1ADBBDF300B942CC /* ComputerControl.h */,
				9E92215E1ADBBDF300B942CC /* ComputerControl.m */,
				9E9221601ADBBE1200B942CC /* RelayControl.h */,
				9E9221611ADBBE1200B942CC /* RelayControl.m */,
				2D81BDE61B0C7304007F0220 /* PlayerVideoControl.h */,
				2D81BDE71B0C7304007F0220 /* PlayerVideoControl.m */,
				F77F7B8D1B4B86EA00E585AD /* GroupControl.h */,
				F77F7B8E1B4B86EA00E585AD /* GroupControl.m */,
				F7DB68251B56A25E001491FF /* PlayerImageControl.h */,
				F7DB68261B56A25E001491FF /* PlayerImageControl.m */,
			);
			name = ComponentCell;
			sourceTree = "<group>";
		};
		9E92211F1ADBB91700B942CC = {
			isa = PBXGroup;
			children = (
				F77ED0971B6A344B00AFFA33 /* Framework */,
				9E92212A1ADBB91700B942CC /* ksdControl */,
				9E9221471ADBB91700B942CC /* ksdControlTests */,
				9E9221291ADBB91700B942CC /* Products */,
			);
			sourceTree = "<group>";
		};
		9E9221291ADBB91700B942CC /* Products */ = {
			isa = PBXGroup;
			children = (
				9E9221281ADBB91700B942CC /* ksdControl.app */,
				9E9221441ADBB91700B942CC /* ksdControlTests.xctest */,
			);
			name = Products;
			sourceTree = "<group>";
		};
		9E92212A1ADBB91700B942CC /* ksdControl */ = {
			isa = PBXGroup;
			children = (
				9EFDE88B1B4A61FB00734881 /* libs */,
				2D6D71D81B33BAA600401721 /* ksdControl.entitlements */,
				2D81BDE51B0C71E3007F0220 /* ComponentCell */,
				2D81BDE41B0C71BB007F0220 /* SetViewControllers */,
				9E92212F1ADBB91700B942CC /* AppDelegate.h */,
				9E9221301ADBB91700B942CC /* AppDelegate.m */,
				2DB1327F1ADCFE0500A199C9 /* LoginViewController.h */,
				2DB132801ADCFE0500A199C9 /* LoginViewController.m */,
				9E9221351ADBB91700B942CC /* ViewController.h */,
				9E9221361ADBB91700B942CC /* ViewController.m */,
				9E4682021B543597009FD6E6 /* Sever.h */,
				9E4682031B543597009FD6E6 /* Sever.m */,
				9E9221381ADBB91700B942CC /* Main.storyboard */,
				9E92213B1ADBB91700B942CC /* Images.xcassets */,
				9E92213D1ADBB91700B942CC /* LaunchScreen.xib */,
				9E9221321ADBB91700B942CC /* ksdControl.xcdatamodeld */,
				9E92212B1ADBB91700B942CC /* Supporting Files */,
				9EDB01841AEF261000FD74FE /* ControlViewController.h */,
				9EDB01851AEF261000FD74FE /* ControlViewController.m */,
				9EDB01931AEF2C1600FD74FE /* VO */,
				2D21E6881B0EEDE70023E489 /* JsonControl.h */,
				2D21E6891B0EEDE70023E489 /* JsonControl.m */,
				F7A427F81B3AB0BB00391828 /* SLUICollectionViewLayout.h */,
				F7A427F91B3AB0BB00391828 /* SLUICollectionViewLayout.m */,
				F77ED0981B6A34C900AFFA33 /* SLKeychain.h */,
				F77ED0991B6A34C900AFFA33 /* SLKeychain.m */,
			);
			path = ksdControl;
			sourceTree = "<group>";
		};
		9E92212B1ADBB91700B942CC /* Supporting Files */ = {
			isa = PBXGroup;
			children = (
				F7334F151B39037B003307BE /* Images */,
				9E92212C1ADBB91700B942CC /* Info.plist */,
				9E92212D1ADBB91700B942CC /* main.m */,
			);
			name = "Supporting Files";
			sourceTree = "<group>";
		};
		9E9221471ADBB91700B942CC /* ksdControlTests */ = {
			isa = PBXGroup;
			children = (
				9E92214A1ADBB91700B942CC /* ksdControlTests.m */,
				9E9221481ADBB91700B942CC /* Supporting Files */,
			);
			path = ksdControlTests;
			sourceTree = "<group>";
		};
		9E9221481ADBB91700B942CC /* Supporting Files */ = {
			isa = PBXGroup;
			children = (
				9E9221491ADBB91700B942CC /* Info.plist */,
			);
			name = "Supporting Files";
			sourceTree = "<group>";
		};
		9EDB01931AEF2C1600FD74FE /* VO */ = {
			isa = PBXGroup;
			children = (
				9EDB01941AEF2C3400FD74FE /* ElementVO */,
				9EDB01871AEF271900FD74FE /* VO.h */,
				9EDB01881AEF271900FD74FE /* VO.m */,
				9EDB018A1AEF2B5800FD74FE /* ElementVO.h */,
				9EDB018B1AEF2B5800FD74FE /* ElementVO.m */,
				9EDB018D1AEF2BA200FD74FE /* GroupVO.h */,
				9EDB018E1AEF2BA200FD74FE /* GroupVO.m */,
				9EDB01901AEF2BF500FD74FE /* AreaVO.h */,
				9EDB01911AEF2BF500FD74FE /* AreaVO.m */,
				9E33E1821AF0D258002B90FB /* Model.h */,
				9E33E1831AF0D258002B90FB /* Model.m */,
			);
			name = VO;
			sourceTree = "<group>";
		};
		9EDB01941AEF2C3400FD74FE /* ElementVO */ = {
			isa = PBXGroup;
			children = (
				9E9221631ADBBF2200B942CC /* ComputerVO.h */,
				9E9221641ADBBF2200B942CC /* ComputerVO.m */,
				9E9221661ADBBF4100B942CC /* RelayVO.h */,
				9E9221671ADBBF4100B942CC /* RelayVO.m */,
				9E9221691ADBBF5F00B942CC /* ProjectVO.h */,
				9E92216A1ADBBF5F00B942CC /* ProjectVO.m */,
				9EDB01951AEF3B4300FD74FE /* PlayerVO.h */,
				9EDB01961AEF3B4300FD74FE /* PlayerVO.m */,
			);
			name = ElementVO;
			sourceTree = "<group>";
		};
		9EFDE88B1B4A61FB00734881 /* libs */ = {
			isa = PBXGroup;
			children = (
				9EFDE8851B4A61E600734881 /* GCDAsyncSocket.h */,
				9EFDE8861B4A61E600734881 /* GCDAsyncSocket.m */,
				9EFDE8871B4A61E600734881 /* GCDAsyncUdpSocket.h */,
				9EFDE8881B4A61E600734881 /* GCDAsyncUdpSocket.m */,
			);
			name = libs;
			sourceTree = "<group>";
		};
		F7334F151B39037B003307BE /* Images */ = {
			isa = PBXGroup;
			children = (
				F7DD30951B579DE30061EE86 /* imagePlayerBg@1x.png */,
				F7DD30961B579DE30061EE86 /* imagePlayerBg@2x.png */,
				F7DD30971B579DE30061EE86 /* nextImage@1x.png */,
				F7DD30981B579DE30061EE86 /* nextImage@2x.png */,
				F7DD30991B579DE30061EE86 /* imagePlay@1x.png */,
				F7DD309A1B579DE30061EE86 /* imagePlay@2x.png */,
				F7DD309B1B579DE30061EE86 /* preImage@1x.png */,
				F7DD309C1B579DE30061EE86 /* preImage@2x.png */,
				F7DD309D1B579DE30061EE86 /* imageStop@1x.png */,
				F7DD309E1B579DE30061EE86 /* imageStop@2x.png */,
				F7DD30811B57976A0061EE86 /* imagePlay-hightlight@1x.png */,
				F7DD30821B57976A0061EE86 /* imagePlay-hightlight@2x.png */,
				F7DD30851B57976A0061EE86 /* imageStop-hightlight@2x.png */,
				F7DD30861B57976A0061EE86 /* imageStop-hightlight@1x.png */,
				F7DD30871B57976A0061EE86 /* nextImage-hightlight@1x.png */,
				F7DD30881B57976A0061EE86 /* nextImage-hightlight@2x.png */,
				F7DD30891B57976A0061EE86 /* preImage-hightlight@1x.png */,
				F7DD308A1B57976A0061EE86 /* preImage-hightlight@2x.png */,
				F77FF3AE1B3C014700309BB5 /* arrowLeft@1x.png */,
				F77FF3AF1B3C014700309BB5 /* arrowLeft@2x.png */,
				F77FF3B01B3C014700309BB5 /* arrowRight@1x.png */,
				F77FF3B11B3C014700309BB5 /* arrowRight@2x.png */,
				F77FF3AA1B3BEB6C00309BB5 /* zqmenu-bg@1x.png */,
				F77FF3AB1B3BEB6C00309BB5 /* zqmenu-bg@2x.png */,
				F7334F7A1B393EC0003307BE /* zq-highlight@1x.png */,
				F7334F7B1B393EC0003307BE /* zq-highlight@2x.png */,
				F7334F7C1B393EC0003307BE /* zq@1x.png */,
				F7334F7D1B393EC0003307BE /* zq@2x.png */,
				F7334F161B39037B003307BE /* enter@1x.png */,
				F7334F171B39037B003307BE /* enter@2x.png */,
				F7334F181B39037B003307BE /* info@1x.png */,
				F7334F191B39037B003307BE /* info@2x.png */,
				F7334F1A1B39037B003307BE /* nextMovie-highlight@1x.png */,
				F7334F1B1B39037B003307BE /* nextMovie-highlight@2x.png */,
				F7334F1C1B39037B003307BE /* nextMovie@1x.png */,
				F7334F1D1B39037B003307BE /* nextMovie@2x.png */,
				F7334F1E1B39037B003307BE /* off-highlight@1x.png */,
				F7334F1F1B39037B003307BE /* off-highlight@2x.png */,
				F7334F201B39037B003307BE /* off@1x.png */,
				F7334F211B39037B003307BE /* off@2x.png */,
				F7334F701B390800003307BE /* on-highlight@1x.png */,
				F7334F231B39037B003307BE /* on-highlight@2x.png */,
				F7334F241B39037B003307BE /* on@1x.png */,
				F7334F251B39037B003307BE /* on@2x.png */,
				F7334F781B3939B7003307BE /* controlBg@1x.png */,
				F7334F761B393968003307BE /* controlBg@2x.png */,
				F7334F261B39037B003307BE /* pause-highlight@1x.png */,
				F7334F271B39037B003307BE /* pause-highlight@2x.png */,
				F7334F281B39037B003307BE /* pause@1x.png */,
				F7334F291B39037B003307BE /* pause@2x.png */,
				F7334F2A1B39037B003307BE /* play-highlight@1x.png */,
				F7334F2B1B39037B003307BE /* play-highlight@2x.png */,
				F7334F2C1B39037B003307BE /* play@1x.png */,
				F7334F2D1B39037B003307BE /* play@2x.png */,
				F7334F2E1B39037B003307BE /* playerBg@1x.png */,
				F7334F2F1B39037B003307BE /* playerBg@2x.png */,
				F7334F301B39037B003307BE /* preMovie-highlight@1x.png */,
				F7334F311B39037B003307BE /* preMovie-highlight@2x.png */,
				F7334F321B39037B003307BE /* preMovie@1x.png */,
				F7334F331B39037B003307BE /* preMovie@2x.png */,
				F7334F341B39037B003307BE /* setting@1x.png */,
				F7334F351B39037B003307BE /* setting@2x.png */,
				F7334F361B39037B003307BE /* stop-highlight@1x.png */,
				F7334F371B39037B003307BE /* stop-highlight@2x.png */,
				F7334F381B39037B003307BE /* stop@1x.png */,
				F7334F391B39037B003307BE /* stop@2x.png */,
				F7334F3A1B39037B003307BE /* volumeAdd-highlight@1x.png */,
				F7334F3B1B39037B003307BE /* volumeAdd-highlight@2x.png */,
				F7334F3C1B39037B003307BE /* volumeAdd@1x.png */,
				F7334F3D1B39037B003307BE /* volumeAdd@2x.png */,
				F7334F3E1B39037B003307BE /* volumeMinus-highlight@1x.png */,
				F7334F3F1B39037B003307BE /* volumeMinus-highlight@2x.png */,
				F7334F401B39037B003307BE /* volumeMinus@1x.png */,
				F7334F411B39037B003307BE /* volumeMinus@2x.png */,
				F7334F721B391871003307BE /* backgroup@1x.png */,
				F7334F731B391871003307BE /* backgroup@2x.png */,
			);
			path = Images;
			sourceTree = "<group>";
		};
		F77ED0971B6A344B00AFFA33 /* Framework */ = {
			isa = PBXGroup;
			children = (
				F77ED0931B69E18F00AFFA33 /* libsqlite3.dylib */,
				F77ED0911B69E18000AFFA33 /* libicucore.dylib */,
				F77ED08F1B69E16A00AFFA33 /* libz.1.2.5.dylib */,
				F77ED08D1B69E09700AFFA33 /* CoreLocation.framework */,
				F77ED08B1B69DDF900AFFA33 /* BmobSDK.framework */,
			);
			name = Framework;
			sourceTree = "<group>";
		};
/* End PBXGroup section */

/* Begin PBXNativeTarget section */
		9E9221271ADBB91700B942CC /* ksdControl */ = {
			isa = PBXNativeTarget;
			buildConfigurationList = 9E92214E1ADBB91700B942CC /* Build configuration list for PBXNativeTarget "ksdControl" */;
			buildPhases = (
				9E9221241ADBB91700B942CC /* Sources */,
				9E9221251ADBB91700B942CC /* Frameworks */,
				9E9221261ADBB91700B942CC /* Resources */,
			);
			buildRules = (
			);
			dependencies = (
			);
			name = ksdControl;
			productName = ksdControl;
			productReference = 9E9221281ADBB91700B942CC /* ksdControl.app */;
			productType = "com.apple.product-type.application";
		};
		9E9221431ADBB91700B942CC /* ksdControlTests */ = {
			isa = PBXNativeTarget;
			buildConfigurationList = 9E9221511ADBB91700B942CC /* Build configuration list for PBXNativeTarget "ksdControlTests" */;
			buildPhases = (
				9E9221401ADBB91700B942CC /* Sources */,
				9E9221411ADBB91700B942CC /* Frameworks */,
				9E9221421ADBB91700B942CC /* Resources */,
			);
			buildRules = (
			);
			dependencies = (
				9E9221461ADBB91700B942CC /* PBXTargetDependency */,
			);
			name = ksdControlTests;
			productName = ksdControlTests;
			productReference = 9E9221441ADBB91700B942CC /* ksdControlTests.xctest */;
			productType = "com.apple.product-type.bundle.unit-test";
		};
/* End PBXNativeTarget section */

/* Begin PBXProject section */
		9E9221201ADBB91700B942CC /* Project object */ = {
			isa = PBXProject;
			attributes = {
				LastUpgradeCheck = 0610;
				ORGANIZATIONNAME = HANQING;
				TargetAttributes = {
					9E9221271ADBB91700B942CC = {
						CreatedOnToolsVersion = 6.1.1;
						DevelopmentTeam = S9NYKL24JS;
						SystemCapabilities = {
							com.apple.HomeKit = {
								enabled = 0;
							};
						};
					};
					9E9221431ADBB91700B942CC = {
						CreatedOnToolsVersion = 6.1.1;
						TestTargetID = 9E9221271ADBB91700B942CC;
					};
				};
			};
			buildConfigurationList = 9E9221231ADBB91700B942CC /* Build configuration list for PBXProject "ksdControl" */;
			compatibilityVersion = "Xcode 3.2";
			developmentRegion = English;
			hasScannedForEncodings = 0;
			knownRegions = (
				en,
				Base,
			);
			mainGroup = 9E92211F1ADBB91700B942CC;
			productRefGroup = 9E9221291ADBB91700B942CC /* Products */;
			projectDirPath = "";
			projectRoot = "";
			targets = (
				9E9221271ADBB91700B942CC /* ksdControl */,
				9E9221431ADBB91700B942CC /* ksdControlTests */,
			);
		};
/* End PBXProject section */

/* Begin PBXResourcesBuildPhase section */
		9E9221261ADBB91700B942CC /* Resources */ = {
			isa = PBXResourcesBuildPhase;
			buildActionMask = 2147483647;
			files = (
				F7334F7F1B393EC0003307BE /* zq-highlight@2x.png in Resources */,
				F7334F581B39037B003307BE /* play-highlight@2x.png in Resources */,
				F7334F691B39037B003307BE /* volumeAdd@1x.png in Resources */,
				F7334F5C1B39037B003307BE /* playerBg@2x.png in Resources */,
				F7334F541B39037B003307BE /* pause-highlight@2x.png in Resources */,
				F7334F771B393968003307BE /* controlBg@2x.png in Resources */,
				F7334F5A1B39037B003307BE /* play@2x.png in Resources */,
				F7334F671B39037B003307BE /* volumeAdd-highlight@1x.png in Resources */,
				9E92213A1ADBB91700B942CC /* Main.storyboard in Resources */,
				F7DD30A31B579DE30061EE86 /* imagePlay@1x.png in Resources */,
				F7334F441B39037B003307BE /* enter@2x.png in Resources */,
				F7334F611B39037B003307BE /* setting@1x.png in Resources */,
				F7DD30A01B579DE30061EE86 /* imagePlayerBg@2x.png in Resources */,
				F7DD309F1B579DE30061EE86 /* imagePlayerBg@1x.png in Resources */,
				F7334F471B39037B003307BE /* nextMovie-highlight@1x.png in Resources */,
				F7DD30A11B579DE30061EE86 /* nextImage@1x.png in Resources */,
				F7334F621B39037B003307BE /* setting@2x.png in Resources */,
				F7334F561B39037B003307BE /* pause@2x.png in Resources */,
				F7334F711B390800003307BE /* on-highlight@1x.png in Resources */,
				F7334F5D1B39037B003307BE /* preMovie-highlight@1x.png in Resources */,
				F7334F5E1B39037B003307BE /* preMovie-highlight@2x.png in Resources */,
				F7334F491B39037B003307BE /* nextMovie@1x.png in Resources */,
				F7DD30901B57976A0061EE86 /* imageStop-hightlight@1x.png in Resources */,
				F77FF3AC1B3BEB6C00309BB5 /* zqmenu-bg@1x.png in Resources */,
				F7DD30941B57976A0061EE86 /* preImage-hightlight@2x.png in Resources */,
				9E92213F1ADBB91700B942CC /* LaunchScreen.xib in Resources */,
				F7DD308C1B57976A0061EE86 /* imagePlay-hightlight@2x.png in Resources */,
				F7334F791B3939B7003307BE /* controlBg@1x.png in Resources */,
				F7334F7E1B393EC0003307BE /* zq-highlight@1x.png in Resources */,
				F7334F641B39037B003307BE /* stop-highlight@2x.png in Resources */,
				F77FF3AD1B3BEB6C00309BB5 /* zqmenu-bg@2x.png in Resources */,
				F7334F6C1B39037B003307BE /* volumeMinus-highlight@2x.png in Resources */,
				F7334F591B39037B003307BE /* play@1x.png in Resources */,
				F7DD30A21B579DE30061EE86 /* nextImage@2x.png in Resources */,
				F7334F631B39037B003307BE /* stop-highlight@1x.png in Resources */,
				F7334F451B39037B003307BE /* info@1x.png in Resources */,
				F7334F6A1B39037B003307BE /* volumeAdd@2x.png in Resources */,
				F7DD30A51B579DE30061EE86 /* preImage@1x.png in Resources */,
				F7334F6E1B39037B003307BE /* volumeMinus@2x.png in Resources */,
				F77FF3B21B3C014700309BB5 /* arrowLeft@1x.png in Resources */,
				F7334F551B39037B003307BE /* pause@1x.png in Resources */,
				F7334F481B39037B003307BE /* nextMovie-highlight@2x.png in Resources */,
				F7DD30921B57976A0061EE86 /* nextImage-hightlight@2x.png in Resources */,
				F7334F741B391871003307BE /* backgroup@1x.png in Resources */,
				F7DD308F1B57976A0061EE86 /* imageStop-hightlight@2x.png in Resources */,
				F7334F431B39037B003307BE /* enter@1x.png in Resources */,
				F7334F751B391871003307BE /* backgroup@2x.png in Resources */,
				F7334F6B1B39037B003307BE /* volumeMinus-highlight@1x.png in Resources */,
				F7334F5F1B39037B003307BE /* preMovie@1x.png in Resources */,
				F7334F531B39037B003307BE /* pause-highlight@1x.png in Resources */,
				F7334F4B1B39037B003307BE /* off-highlight@1x.png in Resources */,
				F7334F6D1B39037B003307BE /* volumeMinus@1x.png in Resources */,
				F7DD30911B57976A0061EE86 /* nextImage-hightlight@1x.png in Resources */,
				F7334F5B1B39037B003307BE /* playerBg@1x.png in Resources */,
				F7334F501B39037B003307BE /* on-highlight@2x.png in Resources */,
				F7334F4E1B39037B003307BE /* off@2x.png in Resources */,
				F7334F681B39037B003307BE /* volumeAdd-highlight@2x.png in Resources */,
				F7334F4D1B39037B003307BE /* off@1x.png in Resources */,
				F7334F4A1B39037B003307BE /* nextMovie@2x.png in Resources */,
				F7334F461B39037B003307BE /* info@2x.png in Resources */,
				F7334F651B39037B003307BE /* stop@1x.png in Resources */,
				F7DD30A71B579DE30061EE86 /* imageStop@1x.png in Resources */,
				9E92213C1ADBB91700B942CC /* Images.xcassets in Resources */,
				F7334F571B39037B003307BE /* play-highlight@1x.png in Resources */,
				F7334F601B39037B003307BE /* preMovie@2x.png in Resources */,
				F7334F661B39037B003307BE /* stop@2x.png in Resources */,
				F7334F521B39037B003307BE /* on@2x.png in Resources */,
				F77FF3B41B3C014700309BB5 /* arrowRight@1x.png in Resources */,
				F7DD308B1B57976A0061EE86 /* imagePlay-hightlight@1x.png in Resources */,
				F7DD30A61B579DE30061EE86 /* preImage@2x.png in Resources */,
				F7334F511B39037B003307BE /* on@1x.png in Resources */,
				F7334F811B393EC0003307BE /* zq@2x.png in Resources */,
				F77FF3B51B3C014700309BB5 /* arrowRight@2x.png in Resources */,
				F7334F801B393EC0003307BE /* zq@1x.png in Resources */,
				F7DD30A41B579DE30061EE86 /* imagePlay@2x.png in Resources */,
				F77FF3B31B3C014700309BB5 /* arrowLeft@2x.png in Resources */,
				F7334F4C1B39037B003307BE /* off-highlight@2x.png in Resources */,
				F7DD30A81B579DE30061EE86 /* imageStop@2x.png in Resources */,
				F7DD30931B57976A0061EE86 /* preImage-hightlight@1x.png in Resources */,
			);
			runOnlyForDeploymentPostprocessing = 0;
		};
		9E9221421ADBB91700B942CC /* Resources */ = {
			isa = PBXResourcesBuildPhase;
			buildActionMask = 2147483647;
			files = (
			);
			runOnlyForDeploymentPostprocessing = 0;
		};
/* End PBXResourcesBuildPhase section */

/* Begin PBXSourcesBuildPhase section */
		9E9221241ADBB91700B942CC /* Sources */ = {
			isa = PBXSourcesBuildPhase;
			buildActionMask = 2147483647;
			files = (
				9E92215C1ADBBD9C00B942CC /* ProjectControl.m in Sources */,
				9EFDE88A1B4A61E600734881 /* GCDAsyncUdpSocket.m in Sources */,
				F7A427FA1B3AB0BB00391828 /* SLUICollectionViewLayout.m in Sources */,
				9E9221311ADBB91700B942CC /* AppDelegate.m in Sources */,
				9E92212E1ADBB91700B942CC /* main.m in Sources */,
				9E9221651ADBBF2200B942CC /* ComputerVO.m in Sources */,
				F77ED09A1B6A34C900AFFA33 /* SLKeychain.m in Sources */,
				9E9221371ADBB91700B942CC /* ViewController.m in Sources */,
				9E4682041B543597009FD6E6 /* Sever.m in Sources */,
				9EDB018F1AEF2BA200FD74FE /* GroupVO.m in Sources */,
				9EDB01861AEF261000FD74FE /* ControlViewController.m in Sources */,
				9EDB01921AEF2BF500FD74FE /* AreaVO.m in Sources */,
				9E92215F1ADBBDF300B942CC /* ComputerControl.m in Sources */,
				F77F7B8F1B4B86EA00E585AD /* GroupControl.m in Sources */,
				2D81BDE81B0C7304007F0220 /* PlayerVideoControl.m in Sources */,
				9E92216B1ADBBF5F00B942CC /* ProjectVO.m in Sources */,
				2D99CA611B05DB2300E6A409 /* AreaViewController.m in Sources */,
				9EDB01971AEF3B4300FD74FE /* PlayerVO.m in Sources */,
				9EFDE8891B4A61E600734881 /* GCDAsyncSocket.m in Sources */,
				9E33E1841AF0D258002B90FB /* Model.m in Sources */,
				2D88D53D1B01C07C0091BDB0 /* ElementViewController.m in Sources */,
				9E9221341ADBB91700B942CC /* ksdControl.xcdatamodeld in Sources */,
				9EDB01891AEF271900FD74FE /* VO.m in Sources */,
				F7DB68271B56A25E001491FF /* PlayerImageControl.m in Sources */,
				2D6BEF151AF9F46D005E08F9 /* SetViewController.m in Sources */,
				9E9221621ADBBE1200B942CC /* RelayControl.m in Sources */,
				2D21E68A1B0EEDE70023E489 /* JsonControl.m in Sources */,
				2DF43B491B03577000FBA7C7 /* GroupViewController.m in Sources */,
				9EDB018C1AEF2B5800FD74FE /* ElementVO.m in Sources */,
				2DB132811ADCFE0500A199C9 /* LoginViewController.m in Sources */,
				9E9221681ADBBF4100B942CC /* RelayVO.m in Sources */,
			);
			runOnlyForDeploymentPostprocessing = 0;
		};
		9E9221401ADBB91700B942CC /* Sources */ = {
			isa = PBXSourcesBuildPhase;
			buildActionMask = 2147483647;
			files = (
				9E92214B1ADBB91700B942CC /* ksdControlTests.m in Sources */,
			);
			runOnlyForDeploymentPostprocessing = 0;
		};
/* End PBXSourcesBuildPhase section */

/* Begin PBXTargetDependency section */
		9E9221461ADBB91700B942CC /* PBXTargetDependency */ = {
			isa = PBXTargetDependency;
			target = 9E9221271ADBB91700B942CC /* ksdControl */;
			targetProxy = 9E9221451ADBB91700B942CC /* PBXContainerItemProxy */;
		};
/* End PBXTargetDependency section */

/* Begin PBXVariantGroup section */
		9E9221381ADBB91700B942CC /* Main.storyboard */ = {
			isa = PBXVariantGroup;
			children = (
				9E9221391ADBB91700B942CC /* Base */,
			);
			name = Main.storyboard;
			sourceTree = "<group>";
		};
		9E92213D1ADBB91700B942CC /* LaunchScreen.xib */ = {
			isa = PBXVariantGroup;
			children = (
				9E92213E1ADBB91700B942CC /* Base */,
			);
			name = LaunchScreen.xib;
			sourceTree = "<group>";
		};
/* End PBXVariantGroup section */

/* Begin XCBuildConfiguration section */
		9E92214C1ADBB91700B942CC /* Debug */ = {
			isa = XCBuildConfiguration;
			buildSettings = {
				ALWAYS_SEARCH_USER_PATHS = NO;
				CLANG_CXX_LANGUAGE_STANDARD = "gnu++0x";
				CLANG_CXX_LIBRARY = "libc++";
				CLANG_ENABLE_MODULES = YES;
				CLANG_ENABLE_OBJC_ARC = YES;
				CLANG_WARN_BOOL_CONVERSION = YES;
				CLANG_WARN_CONSTANT_CONVERSION = YES;
				CLANG_WARN_DIRECT_OBJC_ISA_USAGE = YES_ERROR;
				CLANG_WARN_EMPTY_BODY = YES;
				CLANG_WARN_ENUM_CONVERSION = YES;
				CLANG_WARN_INT_CONVERSION = YES;
				CLANG_WARN_OBJC_ROOT_CLASS = YES_ERROR;
				CLANG_WARN_UNREACHABLE_CODE = YES;
				CLANG_WARN__DUPLICATE_METHOD_MATCH = YES;
				"CODE_SIGN_IDENTITY[sdk=iphoneos*]" = "iPhone Developer";
				COPY_PHASE_STRIP = NO;
				ENABLE_STRICT_OBJC_MSGSEND = YES;
				GCC_C_LANGUAGE_STANDARD = gnu99;
				GCC_DYNAMIC_NO_PIC = NO;
				GCC_OPTIMIZATION_LEVEL = 0;
				GCC_PREPROCESSOR_DEFINITIONS = (
					"DEBUG=1",
					"$(inherited)",
				);
				GCC_SYMBOLS_PRIVATE_EXTERN = NO;
				GCC_WARN_64_TO_32_BIT_CONVERSION = YES;
				GCC_WARN_ABOUT_RETURN_TYPE = YES_ERROR;
				GCC_WARN_UNDECLARED_SELECTOR = YES;
				GCC_WARN_UNINITIALIZED_AUTOS = YES_AGGRESSIVE;
				GCC_WARN_UNUSED_FUNCTION = YES;
				GCC_WARN_UNUSED_VARIABLE = YES;
				IPHONEOS_DEPLOYMENT_TARGET = 8.1;
				MTL_ENABLE_DEBUG_INFO = YES;
				ONLY_ACTIVE_ARCH = YES;
				SDKROOT = iphoneos;
				TARGETED_DEVICE_FAMILY = "1,2";
			};
			name = Debug;
		};
		9E92214D1ADBB91700B942CC /* Release */ = {
			isa = XCBuildConfiguration;
			buildSettings = {
				ALWAYS_SEARCH_USER_PATHS = NO;
				CLANG_CXX_LANGUAGE_STANDARD = "gnu++0x";
				CLANG_CXX_LIBRARY = "libc++";
				CLANG_ENABLE_MODULES = YES;
				CLANG_ENABLE_OBJC_ARC = YES;
				CLANG_WARN_BOOL_CONVERSION = YES;
				CLANG_WARN_CONSTANT_CONVERSION = YES;
				CLANG_WARN_DIRECT_OBJC_ISA_USAGE = YES_ERROR;
				CLANG_WARN_EMPTY_BODY = YES;
				CLANG_WARN_ENUM_CONVERSION = YES;
				CLANG_WARN_INT_CONVERSION = YES;
				CLANG_WARN_OBJC_ROOT_CLASS = YES_ERROR;
				CLANG_WARN_UNREACHABLE_CODE = YES;
				CLANG_WARN__DUPLICATE_METHOD_MATCH = YES;
				"CODE_SIGN_IDENTITY[sdk=iphoneos*]" = "iPhone Developer";
				COPY_PHASE_STRIP = YES;
				ENABLE_NS_ASSERTIONS = NO;
				ENABLE_STRICT_OBJC_MSGSEND = YES;
				GCC_C_LANGUAGE_STANDARD = gnu99;
				GCC_WARN_64_TO_32_BIT_CONVERSION = YES;
				GCC_WARN_ABOUT_RETURN_TYPE = YES_ERROR;
				GCC_WARN_UNDECLARED_SELECTOR = YES;
				GCC_WARN_UNINITIALIZED_AUTOS = YES_AGGRESSIVE;
				GCC_WARN_UNUSED_FUNCTION = YES;
				GCC_WARN_UNUSED_VARIABLE = YES;
				IPHONEOS_DEPLOYMENT_TARGET = 8.1;
				MTL_ENABLE_DEBUG_INFO = NO;
				SDKROOT = iphoneos;
				TARGETED_DEVICE_FAMILY = "1,2";
				VALIDATE_PRODUCT = YES;
			};
			name = Release;
		};
		9E92214F1ADBB91700B942CC /* Debug */ = {
			isa = XCBuildConfiguration;
			buildSettings = {
				ASSETCATALOG_COMPILER_APPICON_NAME = AppIcon;
				CODE_SIGN_IDENTITY = "iPhone Developer";
				"CODE_SIGN_IDENTITY[sdk=iphoneos*]" = "iPhone Developer";
				FRAMEWORK_SEARCH_PATHS = (
					"$(inherited)",
					"$(PROJECT_DIR)/ksdControl",
				);
				INFOPLIST_FILE = ksdControl/Info.plist;
				LD_RUNPATH_SEARCH_PATHS = "$(inherited) @executable_path/Frameworks";
				PRODUCT_NAME = "$(TARGET_NAME)";
				PROVISIONING_PROFILE = "";
				TARGETED_DEVICE_FAMILY = "1,2";
			};
			name = Debug;
		};
		9E9221501ADBB91700B942CC /* Release */ = {
			isa = XCBuildConfiguration;
			buildSettings = {
				ASSETCATALOG_COMPILER_APPICON_NAME = AppIcon;
				CODE_SIGN_IDENTITY = "iPhone Developer";
				"CODE_SIGN_IDENTITY[sdk=iphoneos*]" = "iPhone Developer";
				FRAMEWORK_SEARCH_PATHS = (
					"$(inherited)",
					"$(PROJECT_DIR)/ksdControl",
				);
				INFOPLIST_FILE = ksdControl/Info.plist;
				LD_RUNPATH_SEARCH_PATHS = "$(inherited) @executable_path/Frameworks";
				PRODUCT_NAME = "$(TARGET_NAME)";
				PROVISIONING_PROFILE = "";
				TARGETED_DEVICE_FAMILY = "1,2";
			};
			name = Release;
		};
		9E9221521ADBB91700B942CC /* Debug */ = {
			isa = XCBuildConfiguration;
			buildSettings = {
				BUNDLE_LOADER = "$(TEST_HOST)";
				FRAMEWORK_SEARCH_PATHS = (
					"$(SDKROOT)/Developer/Library/Frameworks",
					"$(inherited)",
				);
				GCC_PREPROCESSOR_DEFINITIONS = (
					"DEBUG=1",
					"$(inherited)",
				);
				INFOPLIST_FILE = ksdControlTests/Info.plist;
				LD_RUNPATH_SEARCH_PATHS = "$(inherited) @executable_path/Frameworks @loader_path/Frameworks";
				PRODUCT_NAME = "$(TARGET_NAME)";
				TEST_HOST = "$(BUILT_PRODUCTS_DIR)/ksdControl.app/ksdControl";
			};
			name = Debug;
		};
		9E9221531ADBB91700B942CC /* Release */ = {
			isa = XCBuildConfiguration;
			buildSettings = {
				BUNDLE_LOADER = "$(TEST_HOST)";
				FRAMEWORK_SEARCH_PATHS = (
					"$(SDKROOT)/Developer/Library/Frameworks",
					"$(inherited)",
				);
				INFOPLIST_FILE = ksdControlTests/Info.plist;
				LD_RUNPATH_SEARCH_PATHS = "$(inherited) @executable_path/Frameworks @loader_path/Frameworks";
				PRODUCT_NAME = "$(TARGET_NAME)";
				TEST_HOST = "$(BUILT_PRODUCTS_DIR)/ksdControl.app/ksdControl";
			};
			name = Release;
		};
/* End XCBuildConfiguration section */

/* Begin XCConfigurationList section */
		9E9221231ADBB91700B942CC /* Build configuration list for PBXProject "ksdControl" */ = {
			isa = XCConfigurationList;
			buildConfigurations = (
				9E92214C1ADBB91700B942CC /* Debug */,
				9E92214D1ADBB91700B942CC /* Release */,
			);
			defaultConfigurationIsVisible = 0;
			defaultConfigurationName = Release;
		};
		9E92214E1ADBB91700B942CC /* Build configuration list for PBXNativeTarget "ksdControl" */ = {
			isa = XCConfigurationList;
			buildConfigurations = (
				9E92214F1ADBB91700B942CC /* Debug */,
				9E9221501ADBB91700B942CC /* Release */,
			);
			defaultConfigurationIsVisible = 0;
			defaultConfigurationName = Release;
		};
		9E9221511ADBB91700B942CC /* Build configuration list for PBXNativeTarget "ksdControlTests" */ = {
			isa = XCConfigurationList;
			buildConfigurations = (
				9E9221521ADBB91700B942CC /* Debug */,
				9E9221531ADBB91700B942CC /* Release */,
			);
			defaultConfigurationIsVisible = 0;
			defaultConfigurationName = Release;
		};
/* End XCConfigurationList section */

/* Begin XCVersionGroup section */
		9E9221321ADBB91700B942CC /* ksdControl.xcdatamodeld */ = {
			isa = XCVersionGroup;
			children = (
				9E9221331ADBB91700B942CC /* ksdControl.xcdatamodel */,
			);
			currentVersion = 9E9221331ADBB91700B942CC /* ksdControl.xcdatamodel */;
			path = ksdControl.xcdatamodeld;
			sourceTree = "<group>";
			versionGroupType = wrapper.xcdatamodel;
		};
/* End XCVersionGroup section */
	};
	rootObject = 9E9221201ADBB91700B942CC /* Project object */;
}
